apiVersion: vendir.k14s.io/v1alpha1
directories:
- contents:
  - git:
      commitTitle: Fix path in action
      sha: 46814d397a1e6314e22f747922dd77c43c3854a6
    path: .
  path: external/rustlings
- contents:
  - git:
      commitTitle: Make vec length consistent with ranges in ‘Creating Slices’
      sha: 9b6aaa78b8d3ca7b111506e7ad164029ea544868
      tags:
      - "2025.5"
    path: .
  path: external/teach-rs
kind: LockConfig
